
Microsoft Visual Studio Solution File, Format Version 12.00
# Visual Studio Version 16
VisualStudioVersion = 16.0.31129.286
MinimumVisualStudioVersion = 10.0.40219.1
Project("{FAE04EC0-301F-11D3-BF4B-00C04F79EFBC}") = "BuscaCEP.Android", "BuscaCEP.Android\BuscaCEP.Android.csproj", "{D0504EF1-2847-46F3-AF28-D31D71AE42F5}"
EndProject
Project("{FAE04EC0-301F-11D3-BF4B-00C04F79EFBC}") = "BuscaCEP.iOS", "BuscaCEP.iOS\BuscaCEP.iOS.csproj", "{4F4A3B40-2C52-4C42-9EEC-B664C28FE158}"
EndProject
Project("{FAE04EC0-301F-11D3-BF4B-00C04F79EFBC}") = "BuscaCEP", "BuscaCEP\BuscaCEP.csproj", "{5FB92E08-4E07-4EDA-A693-4E1F81F6CBC4}"
EndProject
Global
	GlobalSection(SolutionConfigurationPlatforms) = preSolution
		Debug|Any CPU = Debug|Any CPU
		Debug|iPhone = Debug|iPhone
		Debug|iPhoneSimulator = Debug|iPhoneSimulator
		Release|Any CPU = Release|Any CPU
		Release|iPhone = Release|iPhone
		Release|iPhoneSimulator = Release|iPhoneSimulator
	EndGlobalSection
	GlobalSection(ProjectConfigurationPlatforms) = postSolution
		{D0504EF1-2847-46F3-AF28-D31D71AE42F5}.Debug|Any CPU.ActiveCfg = Debug|Any CPU
		{D0504EF1-2847-46F3-AF28-D31D71AE42F5}.Debug|Any CPU.Build.0 = Debug|Any CPU
		{D0504EF1-2847-46F3-AF28-D31D71AE42F5}.Debug|Any CPU.Deploy.0 = Debug|Any CPU
		{D0504EF1-2847-46F3-AF28-D31D71AE42F5}.Debug|iPhone.ActiveCfg = Debug|Any CPU
		{D0504EF1-2847-46F3-AF28-D31D71AE42F5}.Debug|iPhone.Build.0 = Debug|Any CPU
		{D0504EF1-2847-46F3-AF28-D31D71AE42F5}.Debug|iPhone.Deploy.0 = Debug|Any CPU
		{D0504EF1-2847-46F3-AF28-D31D71AE42F5}.Debug|iPhoneSimulator.ActiveCfg = Debug|Any CPU
		{D0504EF1-2847-46F3-AF28-D31D71AE42F5}.Debug|iPhoneSimulator.Build.0 = Debug|Any CPU
		{D0504EF1-2847-46F3-AF28-D31D71AE42F5}.Debug|iPhoneSimulator.Deploy.0 = Debug|Any CPU
		{D0504EF1-2847-46F3-AF28-D31D71AE42F5}.Release|Any CPU.ActiveCfg = Release|Any CPU
		{D0504EF1-2847-46F3-AF28-D31D71AE42F5}.Release|Any CPU.Build.0 = Release|Any CPU
		{D0504EF1-2847-46F3-AF28-D31D71AE42F5}.Release|Any CPU.Deploy.0 = Release|Any CPU
		{D0504EF1-2847-46F3-AF28-D31D71AE42F5}.Release|iPhone.ActiveCfg = Release|Any CPU
		{D0504EF1-2847-46F3-AF28-D31D71AE42F5}.Release|iPhone.Build.0 = Release|Any CPU
		{D0504EF1-2847-46F3-AF28-D31D71AE42F5}.Release|iPhone.Deploy.0 = Release|Any CPU
		{D0504EF1-2847-46F3-AF28-D31D71AE42F5}.Release|iPhoneSimulator.ActiveCfg = Release|Any CPU
		{D0504EF1-2847-46F3-AF28-D31D71AE42F5}.Release|iPhoneSimulator.Build.0 = Release|Any CPU
		{D0504EF1-2847-46F3-AF28-D31D71AE42F5}.Release|iPhoneSimulator.Deploy.0 = Release|Any CPU
		{4F4A3B40-2C52-4C42-9EEC-B664C28FE158}.Debug|Any CPU.ActiveCfg = Debug|iPhone
		{4F4A3B40-2C52-4C42-9EEC-B664C28FE158}.Debug|Any CPU.Build.0 = Debug|iPhone
		{4F4A3B40-2C52-4C42-9EEC-B664C28FE158}.Debug|Any CPU.Deploy.0 = Debug|iPhone
		{4F4A3B40-2C52-4C42-9EEC-B664C28FE158}.Debug|iPhone.ActiveCfg = Debug|iPhone
		{4F4A3B40-2C52-4C42-9EEC-B664C28FE158}.Debug|iPhone.Build.0 = Debug|iPhone
		{4F4A3B40-2C52-4C42-9EEC-B664C28FE158}.Debug|iPhone.Deploy.0 = Debug|iPhone
		{4F4A3B40-2C52-4C42-9EEC-B664C28FE158}.Debug|iPhoneSimulator.ActiveCfg = Debug|iPhoneSimulator
		{4F4A3B40-2C52-4C42-9EEC-B664C28FE158}.Debug|iPhoneSimulator.Build.0 = Debug|iPhoneSimulator
		{4F4A3B40-2C52-4C42-9EEC-B664C28FE158}.Debug|iPhoneSimulator.Deploy.0 = Debug|iPhoneSimulator
		{4F4A3B40-2C52-4C42-9EEC-B664C28FE158}.Release|Any CPU.ActiveCfg = Release|iPhoneSimulator
		{4F4A3B40-2C52-4C42-9EEC-B664C28FE158}.Release|Any CPU.Build.0 = Release|iPhoneSimulator
		{4F4A3B40-2C52-4C42-9EEC-B664C28FE158}.Release|Any CPU.Deploy.0 = Release|iPhoneSimulator
		{4F4A3B40-2C52-4C42-9EEC-B664C28FE158}.Release|iPhone.ActiveCfg = Release|iPhone
		{4F4A3B40-2C52-4C42-9EEC-B664C28FE158}.Release|iPhone.Build.0 = Release|iPhone
		{4F4A3B40-2C52-4C42-9EEC-B664C28FE158}.Release|iPhone.Deploy.0 = Release|iPhone
		{4F4A3B40-2C52-4C42-9EEC-B664C28FE158}.Release|iPhoneSimulator.ActiveCfg = Release|iPhoneSimulator
		{4F4A3B40-2C52-4C42-9EEC-B664C28FE158}.Release|iPhoneSimulator.Build.0 = Release|iPhoneSimulator
		{4F4A3B40-2C52-4C42-9EEC-B664C28FE158}.Release|iPhoneSimulator.Deploy.0 = Release|iPhoneSimulator
		{5FB92E08-4E07-4EDA-A693-4E1F81F6CBC4}.Debug|Any CPU.ActiveCfg = Debug|Any CPU
		{5FB92E08-4E07-4EDA-A693-4E1F81F6CBC4}.Debug|Any CPU.Build.0 = Debug|Any CPU
		{5FB92E08-4E07-4EDA-A693-4E1F81F6CBC4}.Debug|Any CPU.Deploy.0 = Debug|Any CPU
		{5FB92E08-4E07-4EDA-A693-4E1F81F6CBC4}.Debug|iPhone.ActiveCfg = Debug|Any CPU
		{5FB92E08-4E07-4EDA-A693-4E1F81F6CBC4}.Debug|iPhone.Build.0 = Debug|Any CPU
		{5FB92E08-4E07-4EDA-A693-4E1F81F6CBC4}.Debug|iPhone.Deploy.0 = Debug|Any CPU
		{5FB92E08-4E07-4EDA-A693-4E1F81F6CBC4}.Debug|iPhoneSimulator.ActiveCfg = Debug|Any CPU
		{5FB92E08-4E07-4EDA-A693-4E1F81F6CBC4}.Debug|iPhoneSimulator.Build.0 = Debug|Any CPU
		{5FB92E08-4E07-4EDA-A693-4E1F81F6CBC4}.Debug|iPhoneSimulator.Deploy.0 = Debug|Any CPU
		{5FB92E08-4E07-4EDA-A693-4E1F81F6CBC4}.Release|Any CPU.ActiveCfg = Release|Any CPU
		{5FB92E08-4E07-4EDA-A693-4E1F81F6CBC4}.Release|Any CPU.Build.0 = Release|Any CPU
		{5FB92E08-4E07-4EDA-A693-4E1F81F6CBC4}.Release|Any CPU.Deploy.0 = Release|Any CPU
		{5FB92E08-4E07-4EDA-A693-4E1F81F6CBC4}.Release|iPhone.ActiveCfg = Release|Any CPU
		{5FB92E08-4E07-4EDA-A693-4E1F81F6CBC4}.Release|iPhone.Build.0 = Release|Any CPU
		{5FB92E08-4E07-4EDA-A693-4E1F81F6CBC4}.Release|iPhone.Deploy.0 = Release|Any CPU
		{5FB92E08-4E07-4EDA-A693-4E1F81F6CBC4}.Release|iPhoneSimulator.ActiveCfg = Release|Any CPU
		{5FB92E08-4E07-4EDA-A693-4E1F81F6CBC4}.Release|iPhoneSimulator.Build.0 = Release|Any CPU
		{5FB92E08-4E07-4EDA-A693-4E1F81F6CBC4}.Release|iPhoneSimulator.Deploy.0 = Release|Any CPU
	EndGlobalSection
	GlobalSection(SolutionProperties) = preSolution
		HideSolutionNode = FALSE
	EndGlobalSection
	GlobalSection(ExtensibilityGlobals) = postSolution
		SolutionGuid = {0A58519E-9852-4242-BE38-D797C6184007}
	EndGlobalSection
EndGlobal
